
Microsoft Visual Studio Solution File, Format Version 12.00
# Visual Studio Version 17
VisualStudioVersion = 17.7.34024.191
MinimumVisualStudioVersion = 10.0.40219.1
Project("{FAE04EC0-301F-11D3-BF4B-00C04F79EFBC}") = "Task 1", "Task 1\Task 1.csproj", "{4B88BF1C-C97B-46EF-A5C2-F24E29383572}"
EndProject
Project("{FAE04EC0-301F-11D3-BF4B-00C04F79EFBC}") = "Task 2", "Task 2\Task 2.csproj", "{197360DD-44D7-4B31-BEC0-0065DE540E55}"
EndProject
Project("{FAE04EC0-301F-11D3-BF4B-00C04F79EFBC}") = "Task 3", "Task 3\Task 3.csproj", "{D1AAEFA1-78F8-4DDE-9270-8235BFB28605}"
EndProject
Project("{FAE04EC0-301F-11D3-BF4B-00C04F79EFBC}") = "Task 4", "Task 4\Task 4.csproj", "{BC7C582D-47BC-49D0-A9D8-8F0537D23FD5}"
EndProject
Project("{FAE04EC0-301F-11D3-BF4B-00C04F79EFBC}") = "Task 5", "Task 5\Task 5.csproj", "{B96226C5-5482-42FD-9358-61F2E4F1CBCF}"
EndProject
Global
	GlobalSection(SolutionConfigurationPlatforms) = preSolution
		Debug|Any CPU = Debug|Any CPU
		Release|Any CPU = Release|Any CPU
	EndGlobalSection
	GlobalSection(ProjectConfigurationPlatforms) = postSolution
		{4B88BF1C-C97B-46EF-A5C2-F24E29383572}.Debug|Any CPU.ActiveCfg = Debug|Any CPU
		{4B88BF1C-C97B-46EF-A5C2-F24E29383572}.Debug|Any CPU.Build.0 = Debug|Any CPU
		{4B88BF1C-C97B-46EF-A5C2-F24E29383572}.Release|Any CPU.ActiveCfg = Release|Any CPU
		{4B88BF1C-C97B-46EF-A5C2-F24E29383572}.Release|Any CPU.Build.0 = Release|Any CPU
		{197360DD-44D7-4B31-BEC0-0065DE540E55}.Debug|Any CPU.ActiveCfg = Debug|Any CPU
		{197360DD-44D7-4B31-BEC0-0065DE540E55}.Debug|Any CPU.Build.0 = Debug|Any CPU
		{197360DD-44D7-4B31-BEC0-0065DE540E55}.Release|Any CPU.ActiveCfg = Release|Any CPU
		{197360DD-44D7-4B31-BEC0-0065DE540E55}.Release|Any CPU.Build.0 = Release|Any CPU
		{D1AAEFA1-78F8-4DDE-9270-8235BFB28605}.Debug|Any CPU.ActiveCfg = Debug|Any CPU
		{D1AAEFA1-78F8-4DDE-9270-8235BFB28605}.Debug|Any CPU.Build.0 = Debug|Any CPU
		{D1AAEFA1-78F8-4DDE-9270-8235BFB28605}.Release|Any CPU.ActiveCfg = Release|Any CPU
		{D1AAEFA1-78F8-4DDE-9270-8235BFB28605}.Release|Any CPU.Build.0 = Release|Any CPU
		{BC7C582D-47BC-49D0-A9D8-8F0537D23FD5}.Debug|Any CPU.ActiveCfg = Debug|Any CPU
		{BC7C582D-47BC-49D0-A9D8-8F0537D23FD5}.Debug|Any CPU.Build.0 = Debug|Any CPU
		{BC7C582D-47BC-49D0-A9D8-8F0537D23FD5}.Release|Any CPU.ActiveCfg = Release|Any CPU
		{BC7C582D-47BC-49D0-A9D8-8F0537D23FD5}.Release|Any CPU.Build.0 = Release|Any CPU
		{B96226C5-5482-42FD-9358-61F2E4F1CBCF}.Debug|Any CPU.ActiveCfg = Debug|Any CPU
		{B96226C5-5482-42FD-9358-61F2E4F1CBCF}.Debug|Any CPU.Build.0 = Debug|Any CPU
		{B96226C5-5482-42FD-9358-61F2E4F1CBCF}.Release|Any CPU.ActiveCfg = Release|Any CPU
		{B96226C5-5482-42FD-9358-61F2E4F1CBCF}.Release|Any CPU.Build.0 = Release|Any CPU
	EndGlobalSection
	GlobalSection(SolutionProperties) = preSolution
		HideSolutionNode = FALSE
	EndGlobalSection
	GlobalSection(ExtensibilityGlobals) = postSolution
		SolutionGuid = {7C2BFB40-BEFF-48FC-904A-008EF00AAD91}
	EndGlobalSection
EndGlobal
